
Microsoft Visual Studio Solution File, Format Version 12.00
# Visual Studio Version 17
VisualStudioVersion = 17.2.32526.322
MinimumVisualStudioVersion = 10.0.40219.1
Project("{FAE04EC0-301F-11D3-BF4B-00C04F79EFBC}") = "Web", "Web\Web.csproj", "{EAD083F8-20BC-4558-91EE-7216294C9AE9}"
EndProject
Project("{FAE04EC0-301F-11D3-BF4B-00C04F79EFBC}") = "Application", "Application\Application.csproj", "{F34599AA-D63D-478E-8ACB-92568050CB6D}"
EndProject
Project("{FAE04EC0-301F-11D3-BF4B-00C04F79EFBC}") = "Infraestructure", "Infraestructure\Infraestructure.csproj", "{173C9CF2-D1F3-467B-8A11-C07AD589AD3D}"
EndProject
Project("{FAE04EC0-301F-11D3-BF4B-00C04F79EFBC}") = "Domain", "Domain\Domain.csproj", "{C559DD18-C01C-48E4-BBB8-E7F4ED01B50D}"
EndProject
Global
	GlobalSection(SolutionConfigurationPlatforms) = preSolution
		Debug|Any CPU = Debug|Any CPU
		Release|Any CPU = Release|Any CPU
	EndGlobalSection
	GlobalSection(ProjectConfigurationPlatforms) = postSolution
		{EAD083F8-20BC-4558-91EE-7216294C9AE9}.Debug|Any CPU.ActiveCfg = Debug|Any CPU
		{EAD083F8-20BC-4558-91EE-7216294C9AE9}.Debug|Any CPU.Build.0 = Debug|Any CPU
		{EAD083F8-20BC-4558-91EE-7216294C9AE9}.Release|Any CPU.ActiveCfg = Release|Any CPU
		{EAD083F8-20BC-4558-91EE-7216294C9AE9}.Release|Any CPU.Build.0 = Release|Any CPU
		{F34599AA-D63D-478E-8ACB-92568050CB6D}.Debug|Any CPU.ActiveCfg = Debug|Any CPU
		{F34599AA-D63D-478E-8ACB-92568050CB6D}.Debug|Any CPU.Build.0 = Debug|Any CPU
		{F34599AA-D63D-478E-8ACB-92568050CB6D}.Release|Any CPU.ActiveCfg = Release|Any CPU
		{F34599AA-D63D-478E-8ACB-92568050CB6D}.Release|Any CPU.Build.0 = Release|Any CPU
		{173C9CF2-D1F3-467B-8A11-C07AD589AD3D}.Debug|Any CPU.ActiveCfg = Debug|Any CPU
		{173C9CF2-D1F3-467B-8A11-C07AD589AD3D}.Debug|Any CPU.Build.0 = Debug|Any CPU
		{173C9CF2-D1F3-467B-8A11-C07AD589AD3D}.Release|Any CPU.ActiveCfg = Release|Any CPU
		{173C9CF2-D1F3-467B-8A11-C07AD589AD3D}.Release|Any CPU.Build.0 = Release|Any CPU
		{C559DD18-C01C-48E4-BBB8-E7F4ED01B50D}.Debug|Any CPU.ActiveCfg = Debug|Any CPU
		{C559DD18-C01C-48E4-BBB8-E7F4ED01B50D}.Debug|Any CPU.Build.0 = Debug|Any CPU
		{C559DD18-C01C-48E4-BBB8-E7F4ED01B50D}.Release|Any CPU.ActiveCfg = Release|Any CPU
		{C559DD18-C01C-48E4-BBB8-E7F4ED01B50D}.Release|Any CPU.Build.0 = Release|Any CPU
	EndGlobalSection
	GlobalSection(SolutionProperties) = preSolution
		HideSolutionNode = FALSE
	EndGlobalSection
	GlobalSection(ExtensibilityGlobals) = postSolution
		SolutionGuid = {C7CD3709-CC34-4883-BEFE-6D4BEB4AE37A}
	EndGlobalSection
EndGlobal
